{
  "lockfileVersion": 1,
  "configVersion": 1,
  "workspaces": {
    "": {
      "name": "upsurge",
      "dependencies": {
        "fallow": "^2.102.0",
      },
      "devDependencies": {
        "@types/bun": "latest",
      },
      "peerDependencies": {
        "typescript": "^6.0.3",
      },
    },
  },
  "packages": {
    "@fallow-cli/darwin-arm64": ["@fallow-cli/darwin-arm64@2.102.0", "", { "os": "darwin", "cpu": "arm64" }, "sha512-B8wzfzJgoX6h5Gv2xQ9ZidO5Jb8/PWdssAxYbWs1pb5oJHZ6S5PLwXuUdINmNSIaRGQwTk4DC9/tIMFHFvd9uw=="],

    "@fallow-cli/darwin-x64": ["@fallow-cli/darwin-x64@2.102.0", "", { "os": "darwin", "cpu": "x64" }, "sha512-aLbTWWzQnleKdi56obAPXMJm7YA3qAnkIX9T3eocRHiagYqp8nsf4cslM0rZKvu2WwK34NaBm8x886gl4cl+zg=="],

    "@fallow-cli/linux-arm64-gnu": ["@fallow-cli/linux-arm64-gnu@2.102.0", "", { "os": "linux", "cpu": "arm64" }, "sha512-8nYeOSLSewqcKH/KUcKZaCq5QII5VTRX62l60B6UM1iKe/0jcmlQ2mOtx4rkHpeq3LL5emvT/ph4NNgGmWKSBg=="],

    "@fallow-cli/linux-arm64-musl": ["@fallow-cli/linux-arm64-musl@2.102.0", "", { "os": "linux", "cpu": "arm64" }, "sha512-2Zi33PXzZxD7HU5sPVwyElZGP7zyEdGo4hK0ewy6gMYgQ9BDfLnFhgaSSOzN1J4paIhYtBmVsLmqakyDKy22Jw=="],

    "@fallow-cli/linux-x64-gnu": ["@fallow-cli/linux-x64-gnu@2.102.0", "", { "os": "linux", "cpu": "x64" }, "sha512-7Hys4X6hKuR/lqUaGXwezRzDrwXwu9KfahUy85WTuiG1to+ZbzDCqdbZ04LtnI8kK8ufrPDcq+ZXdyt5ksOJHA=="],

    "@fallow-cli/linux-x64-musl": ["@fallow-cli/linux-x64-musl@2.102.0", "", { "os": "linux", "cpu": "x64" }, "sha512-RuDY1jOEPgJOuHBgEpHVl6J7Xf2QLFklnNy6zO1nw8R1fLgWUAAKlFirn1Y93pb9bXzqpn5Gre3YlhgIZ3+LBA=="],

    "@fallow-cli/win32-arm64-msvc": ["@fallow-cli/win32-arm64-msvc@2.102.0", "", { "os": "win32", "cpu": "arm64" }, "sha512-wsvHjLzWFvsYmCqnQLm1doSEHb9Z038+sFp1RzMcffPUBC5tqS3vCr8J8nolcLlPk7o3QWHQMXAqb1xSJe+doA=="],

    "@fallow-cli/win32-x64-msvc": ["@fallow-cli/win32-x64-msvc@2.102.0", "", { "os": "win32", "cpu": "x64" }, "sha512-rH1hd0PD0mm6pCxh1pw5jubpJsvV6f5rjixMoD5AZLzWa6NPJBpPPuzruLGtH/9CYy8B0y7zPrGGTKRO2PCGzg=="],

    "@types/bun": ["@types/bun@1.3.14", "", { "dependencies": { "bun-types": "1.3.14" } }, "sha512-h1hFqFVcvAvD9j9K7ZW7vd82aSA+rTdznZa+5bwvCwqSB1jmmfLcbIWhOLx1/+boy/xmjgCs/OMUL8hRJSmnPw=="],

    "@types/node": ["@types/node@26.0.1", "", { "dependencies": { "undici-types": "~8.3.0" } }, "sha512-fc3KiUoBt6kie0N9bIW3E47vZsuaMf0PM2AaUpLCLT0s/LvX1nxAim6Fc049cNxODPpGm6qRAuUOB86SkRuPQw=="],

    "bun-types": ["bun-types@1.3.14", "", { "dependencies": { "@types/node": "*" } }, "sha512-4N0ig0fEomHt5R0KCFWjovxow98rIoRwKolrYdCcknNwMekCXRnWEUvgu5soYV8QXtVsrUD8B95MBOZGPvr6KQ=="],

    "detect-libc": ["detect-libc@2.1.2", "", {}, "sha512-Btj2BOOO83o3WyH59e8MgXsxEQVcarkUOpEYrubB0urwnN10yQ364rsiByU11nZlqWYZm05i/of7io4mzihBtQ=="],

    "fallow": ["fallow@2.102.0", "", { "dependencies": { "detect-libc": "2.1.2" }, "optionalDependencies": { "@fallow-cli/darwin-arm64": "2.102.0", "@fallow-cli/darwin-x64": "2.102.0", "@fallow-cli/linux-arm64-gnu": "2.102.0", "@fallow-cli/linux-arm64-musl": "2.102.0", "@fallow-cli/linux-x64-gnu": "2.102.0", "@fallow-cli/linux-x64-musl": "2.102.0", "@fallow-cli/win32-arm64-msvc": "2.102.0", "@fallow-cli/win32-x64-msvc": "2.102.0" }, "bin": { "fallow": "bin/fallow", "fallow-lsp": "bin/fallow-lsp", "fallow-mcp": "bin/fallow-mcp" } }, "sha512-bkOT58kPVCB12d2apQjIKBw/qSdsGRPQFrN5ff9Yl5WzXRqlDTbT/MVdMXld4sJD5JQW1ftw2bTxJWCINggh6g=="],

    "typescript": ["typescript@6.0.3", "", { "bin": { "tsc": "bin/tsc", "tsserver": "bin/tsserver" } }, "sha512-y2TvuxSZPDyQakkFRPZHKFm+KKVqIisdg9/CZwm9ftvKXLP8NRWj38/ODjNbr43SsoXqNuAisEf1GdCxqWcdBw=="],

    "undici-types": ["undici-types@8.3.0", "", {}, "sha512-j375ScV60dom+YkPFIfTLcOiPxkN/buHz5GobjLhixFuANaNs3C9l4GmrWqejgXWJ7BbJcFYpTEUkS1Ge8bpZQ=="],
  }
}
